
Microsoft Visual Studio Solution File, Format Version 12.00
# Visual Studio Version 17
VisualStudioVersion = 17.1.32407.343
MinimumVisualStudioVersion = 10.0.40219.1
Project("{FAE04EC0-301F-11D3-BF4B-00C04F79EFBC}") = "Tugas-PBO-Akhir", "Tugas-PBO-Akhir\Tugas-PBO-Akhir.csproj", "{89C3D797-4E87-4CE9-9504-DEBB3303FABD}"
EndProject
Global
	GlobalSection(SolutionConfigurationPlatforms) = preSolution
		Debug|Any CPU = Debug|Any CPU
		Release|Any CPU = Release|Any CPU
	EndGlobalSection
	GlobalSection(ProjectConfigurationPlatforms) = postSolution
		{89C3D797-4E87-4CE9-9504-DEBB3303FABD}.Debug|Any CPU.ActiveCfg = Debug|Any CPU
		{89C3D797-4E87-4CE9-9504-DEBB3303FABD}.Debug|Any CPU.Build.0 = Debug|Any CPU
		{89C3D797-4E87-4CE9-9504-DEBB3303FABD}.Release|Any CPU.ActiveCfg = Release|Any CPU
		{89C3D797-4E87-4CE9-9504-DEBB3303FABD}.Release|Any CPU.Build.0 = Release|Any CPU
	EndGlobalSection
	GlobalSection(SolutionProperties) = preSolution
		HideSolutionNode = FALSE
	EndGlobalSection
	GlobalSection(ExtensibilityGlobals) = postSolution
		SolutionGuid = {7EEF01AA-0B5F-48D2-B188-16DFC94B3121}
	EndGlobalSection
EndGlobal
